// !$*UTF8*$!
{
	archiveVersion = 1;
	classes = {
	};
	objectVersion = 50;
	objects = {

/* Begin PBXBuildFile section */
		300EE49327209F9400969C5F /* Makefile in Sources */ = {isa = PBXBuildFile; fileRef = 300EE45B27209F9400969C5F /* Makefile */; };
		300EE49527209F9400969C5F /* lib_keypoint.c in Sources */ = {isa = PBXBuildFile; fileRef = 300EE46227209F9400969C5F /* lib_keypoint.c */; };
		300EE49C27209F9400969C5F /* lib_matching.cpp in Sources */ = {isa = PBXBuildFile; fileRef = 300EE46C27209F9400969C5F /* lib_matching.cpp */; };
		300EE49D27209F9400969C5F /* lib_discrete.c in Sources */ = {isa = PBXBuildFile; fileRef = 300EE46D27209F9400969C5F /* lib_discrete.c */; };
		300EE49F27209F9400969C5F /* lib_sift.c in Sources */ = {isa = PBXBuildFile; fileRef = 300EE46F27209F9400969C5F /* lib_sift.c */; };
		300EE4A027209F9400969C5F /* io_png.c in Sources */ = {isa = PBXBuildFile; fileRef = 300EE47027209F9400969C5F /* io_png.c */; };
		300EE4A227209F9400969C5F /* lib_io_scalespace.c in Sources */ = {isa = PBXBuildFile; fileRef = 300EE47227209F9400969C5F /* lib_io_scalespace.c */; };
		300EE4A427209F9400969C5F /* lib_description.c in Sources */ = {isa = PBXBuildFile; fileRef = 300EE47427209F9400969C5F /* lib_description.c */; };
		300EE4A527209F9400969C5F /* lib_scalespace.c in Sources */ = {isa = PBXBuildFile; fileRef = 300EE47527209F9400969C5F /* lib_scalespace.c */; };
		300EE4A727209F9400969C5F /* lib_util.c in Sources */ = {isa = PBXBuildFile; fileRef = 300EE47827209F9400969C5F /* lib_util.c */; };
		300EE4AA27209F9400969C5F /* lib_sift_anatomy.c in Sources */ = {isa = PBXBuildFile; fileRef = 300EE47D27209F9400969C5F /* lib_sift_anatomy.c */; };
		300EE4B027209F9400969C5F /* utils.cpp in Sources */ = {isa = PBXBuildFile; fileRef = 300EE48827209F9400969C5F /* utils.cpp */; };
		300EE4B427209F9400969C5F /* my_sift_additions.c in Sources */ = {isa = PBXBuildFile; fileRef = 300EE48D27209F9400969C5F /* my_sift_additions.c */; };
		300EE4B527209F9400969C5F /* siftMain.cpp in Sources */ = {isa = PBXBuildFile; fileRef = 300EE48E27209F9400969C5F /* siftMain.cpp */; };
		300EE4B627209F9400969C5F /* Semaphore.cpp in Sources */ = {isa = PBXBuildFile; fileRef = 300EE48F27209F9400969C5F /* Semaphore.cpp */; };
		303CB676276319A700ABDBF1 /* printf.c in Sources */ = {isa = PBXBuildFile; fileRef = 303CB674276319A700ABDBF1 /* printf.c */; };
		303CB67827631A0200ABDBF1 /* _putchar.c in Sources */ = {isa = PBXBuildFile; fileRef = 303CB67727631A0200ABDBF1 /* _putchar.c */; };
		308B6C06275AA96D00FE86A9 /* mymalloc.cpp in Sources */ = {isa = PBXBuildFile; fileRef = 308B6C05275AA96D00FE86A9 /* mymalloc.cpp */; };
		308B709D275AFBDD00FE86A9 /* jemalloc_wrapper.c in Sources */ = {isa = PBXBuildFile; fileRef = 308B709C275AFBDD00FE86A9 /* jemalloc_wrapper.c */; };
		308B70A1275BC77B00FE86A9 /* malloc_with_free_all.cpp in Sources */ = {isa = PBXBuildFile; fileRef = 308B709F275BC77B00FE86A9 /* malloc_with_free_all.cpp */; };
		309956C42791E29600F090EC /* backtrace_on_terminate.cpp in Sources */ = {isa = PBXBuildFile; fileRef = 309956C32791E29600F090EC /* backtrace_on_terminate.cpp */; };
		30CBDBC02731A01600473B25 /* DataSource.cpp in Sources */ = {isa = PBXBuildFile; fileRef = 30CBDBBE2731A01600473B25 /* DataSource.cpp */; };
		30CBDBC92732EBF200473B25 /* DataOutput.cpp in Sources */ = {isa = PBXBuildFile; fileRef = 30CBDBC72732EBF200473B25 /* DataOutput.cpp */; };
		30CBDBCB2733137400473B25 /* DataOutputRun.cpp in Sources */ = {isa = PBXBuildFile; fileRef = 30CBDBCA2733137400473B25 /* DataOutputRun.cpp */; };
		30CE61E827234CD2001C987F /* SIFT.hpp in Sources */ = {isa = PBXBuildFile; fileRef = 30CE61E727234CD2001C987F /* SIFT.hpp */; };
		30CE61EB27235141001C987F /* Timer.cpp in Sources */ = {isa = PBXBuildFile; fileRef = 30CE61E927235141001C987F /* Timer.cpp */; };
		30CE61EE27237D8C001C987F /* compareKeypoints.cpp in Sources */ = {isa = PBXBuildFile; fileRef = 30CE61EC27237D8C001C987F /* compareKeypoints.cpp */; };
		30CE61F227237F18001C987F /* KeypointsAndMatching.cpp in Sources */ = {isa = PBXBuildFile; fileRef = 30CE61F027237F17001C987F /* KeypointsAndMatching.cpp */; };
		30CE61F527238409001C987F /* common.cpp in Sources */ = {isa = PBXBuildFile; fileRef = 30CE61F327238409001C987F /* common.cpp */; };
		30CE61F62723877B001C987F /* strnatcmp.cpp in Sources */ = {isa = PBXBuildFile; fileRef = 300EE49227209F9400969C5F /* strnatcmp.cpp */; };
		30EF9790273C588B00E3D538 /* Info.plist in CopyFiles */ = {isa = PBXBuildFile; fileRef = 30EF978F273C582100E3D538 /* Info.plist */; };
		30F00229275D89EF000A3D25 /* myMalloc_.c in Sources */ = {isa = PBXBuildFile; fileRef = 30F00227275D89EF000A3D25 /* myMalloc_.c */; };
		30F0022B275D93F7000A3D25 /* malloc_override_osx.cpp in Sources */ = {isa = PBXBuildFile; fileRef = 30F0022A275D93F7000A3D25 /* malloc_override_osx.cpp */; };
		30F99A48278CF14000DBD9C8 /* GlobalUtil.cpp in Sources */ = {isa = PBXBuildFile; fileRef = 30F99A22278CF13F00DBD9C8 /* GlobalUtil.cpp */; };
		30F99A49278CF14000DBD9C8 /* SiftMatchCU.cpp in Sources */ = {isa = PBXBuildFile; fileRef = 30F99A23278CF13F00DBD9C8 /* SiftMatchCU.cpp */; };
		30F99A4A278CF14000DBD9C8 /* GLTexImage.cpp in Sources */ = {isa = PBXBuildFile; fileRef = 30F99A24278CF13F00DBD9C8 /* GLTexImage.cpp */; };
		30F99A4B278CF14000DBD9C8 /* PyramidCU.cpp in Sources */ = {isa = PBXBuildFile; fileRef = 30F99A27278CF13F00DBD9C8 /* PyramidCU.cpp */; };
		30F99A4C278CF14000DBD9C8 /* ProgramCL.cpp in Sources */ = {isa = PBXBuildFile; fileRef = 30F99A28278CF13F00DBD9C8 /* ProgramCL.cpp */; };
		30F99A4D278CF14000DBD9C8 /* SiftPyramid.cpp in Sources */ = {isa = PBXBuildFile; fileRef = 30F99A2E278CF13F00DBD9C8 /* SiftPyramid.cpp */; };
		30F99A4E278CF14000DBD9C8 /* PyramidGL.cpp in Sources */ = {isa = PBXBuildFile; fileRef = 30F99A31278CF13F00DBD9C8 /* PyramidGL.cpp */; };
		30F99A4F278CF14000DBD9C8 /* ProgramGLSL.cpp in Sources */ = {isa = PBXBuildFile; fileRef = 30F99A33278CF13F00DBD9C8 /* ProgramGLSL.cpp */; };
		30F99A50278CF14000DBD9C8 /* ProgramGPU.cpp in Sources */ = {isa = PBXBuildFile; fileRef = 30F99A35278CF13F00DBD9C8 /* ProgramGPU.cpp */; };
		30F99A51278CF14000DBD9C8 /* SiftGPU.cpp in Sources */ = {isa = PBXBuildFile; fileRef = 30F99A36278CF13F00DBD9C8 /* SiftGPU.cpp */; };
		30F99A52278CF14000DBD9C8 /* CuTexImage.cpp in Sources */ = {isa = PBXBuildFile; fileRef = 30F99A37278CF13F00DBD9C8 /* CuTexImage.cpp */; };
		30F99A53278CF14000DBD9C8 /* FrameBufferObject.cpp in Sources */ = {isa = PBXBuildFile; fileRef = 30F99A39278CF13F00DBD9C8 /* FrameBufferObject.cpp */; };
		30F99A54278CF14000DBD9C8 /* CLTexImage.cpp in Sources */ = {isa = PBXBuildFile; fileRef = 30F99A3E278CF13F00DBD9C8 /* CLTexImage.cpp */; };
		30F99A55278CF14000DBD9C8 /* ProgramCG.cpp in Sources */ = {isa = PBXBuildFile; fileRef = 30F99A3F278CF13F00DBD9C8 /* ProgramCG.cpp */; };
		30F99A56278CF14000DBD9C8 /* SiftMatch.cpp in Sources */ = {isa = PBXBuildFile; fileRef = 30F99A41278CF13F00DBD9C8 /* SiftMatch.cpp */; };
		30F99A57278CF14000DBD9C8 /* ShaderMan.cpp in Sources */ = {isa = PBXBuildFile; fileRef = 30F99A44278CF13F00DBD9C8 /* ShaderMan.cpp */; };
		30F99A58278CF14000DBD9C8 /* PyramidCL.cpp in Sources */ = {isa = PBXBuildFile; fileRef = 30F99A47278CF13F00DBD9C8 /* PyramidCL.cpp */; };
		30F99A5C278E819C00DBD9C8 /* backtrace.cpp in Sources */ = {isa = PBXBuildFile; fileRef = 30F99A5A278E819C00DBD9C8 /* backtrace.cpp */; };
		30F99A60278E825700DBD9C8 /* demangle.cpp in Sources */ = {isa = PBXBuildFile; fileRef = 30F99A5E278E825700DBD9C8 /* demangle.cpp */; };
		30F99A63278F706D00DBD9C8 /* custom_strstream.cpp in Sources */ = {isa = PBXBuildFile; fileRef = 30F99A61278F706D00DBD9C8 /* custom_strstream.cpp */; };
		30FE900A27458CD20086957E /* CoreGraphics.framework in Frameworks */ = {isa = PBXBuildFile; fileRef = 30FE900927458CD20086957E /* CoreGraphics.framework */; };
		30FE900C2745924C0086957E /* SIFT.cpp in Sources */ = {isa = PBXBuildFile; fileRef = 30FE900B2745924C0086957E /* SIFT.cpp */; };
/* End PBXBuildFile section */

/* Begin PBXCopyFilesBuildPhase section */
		300EE44927209F6F00969C5F /* CopyFiles */ = {
			isa = PBXCopyFilesBuildPhase;
			buildActionMask = 12;
			dstPath = "";
			dstSubfolderSpec = 16;
			files = (
				30EF9790273C588B00E3D538 /* Info.plist in CopyFiles */,
			);
			runOnlyForDeploymentPostprocessing = 0;
		};
/* End PBXCopyFilesBuildPhase section */

/* Begin PBXFileReference section */
		300EE44B27209F6F00969C5F /* SIFT */ = {isa = PBXFileReference; explicitFileType = "compiled.mach-o.executable"; includeInIndex = 0; path = SIFT; sourceTree = BUILT_PRODUCTS_DIR; };
		300EE45727209F9400969C5F /* sift_cli */ = {isa = PBXFileReference; lastKnownFileType = "compiled.mach-o.executable"; path = sift_cli; sourceTree = "<group>"; };
		300EE45827209F9400969C5F /* match_cli */ = {isa = PBXFileReference; lastKnownFileType = "compiled.mach-o.executable"; path = match_cli; sourceTree = "<group>"; };
		300EE45927209F9400969C5F /* demo_extract_patch */ = {isa = PBXFileReference; lastKnownFileType = "compiled.mach-o.executable"; path = demo_extract_patch; sourceTree = "<group>"; };
		300EE45A27209F9400969C5F /* CHANGELOG */ = {isa = PBXFileReference; fileEncoding = 4; lastKnownFileType = text; path = CHANGELOG; sourceTree = "<group>"; };
		300EE45B27209F9400969C5F /* Makefile */ = {isa = PBXFileReference; fileEncoding = 4; lastKnownFileType = sourcecode.make; path = Makefile; sourceTree = "<group>"; };
		300EE45C27209F9400969C5F /* .gitignore */ = {isa = PBXFileReference; fileEncoding = 4; lastKnownFileType = text; path = .gitignore; sourceTree = "<group>"; };
		300EE45D27209F9400969C5F /* README.txt */ = {isa = PBXFileReference; fileEncoding = 4; lastKnownFileType = text; path = README.txt; sourceTree = "<group>"; };
		300EE45F27209F9400969C5F /* lib_io_scalespace.h */ = {isa = PBXFileReference; fileEncoding = 4; lastKnownFileType = sourcecode.c.h; path = lib_io_scalespace.h; sourceTree = "<group>"; };
		300EE46127209F9400969C5F /* lib_util.h */ = {isa = PBXFileReference; fileEncoding = 4; lastKnownFileType = sourcecode.c.h; path = lib_util.h; sourceTree = "<group>"; };
		300EE46227209F9400969C5F /* lib_keypoint.c */ = {isa = PBXFileReference; fileEncoding = 4; lastKnownFileType = sourcecode.c.c; path = lib_keypoint.c; sourceTree = "<group>"; };
		300EE46427209F9400969C5F /* sift_cli.c */ = {isa = PBXFileReference; fileEncoding = 4; lastKnownFileType = sourcecode.c.c; path = sift_cli.c; sourceTree = "<group>"; };
		300EE46527209F9400969C5F /* sift_cli_default.c */ = {isa = PBXFileReference; fileEncoding = 4; lastKnownFileType = sourcecode.c.c; path = sift_cli_default.c; sourceTree = "<group>"; };
		300EE46627209F9400969C5F /* lib_scalespace.h */ = {isa = PBXFileReference; fileEncoding = 4; lastKnownFileType = sourcecode.c.h; path = lib_scalespace.h; sourceTree = "<group>"; };
		300EE46927209F9400969C5F /* lib_description.h */ = {isa = PBXFileReference; fileEncoding = 4; lastKnownFileType = sourcecode.c.h; path = lib_description.h; sourceTree = "<group>"; };
		300EE46A27209F9400969C5F /* lib_sift_anatomy.h */ = {isa = PBXFileReference; fileEncoding = 4; lastKnownFileType = sourcecode.c.h; path = lib_sift_anatomy.h; sourceTree = "<group>"; };
		300EE46C27209F9400969C5F /* lib_matching.cpp */ = {isa = PBXFileReference; fileEncoding = 4; lastKnownFileType = sourcecode.cpp.cpp; path = lib_matching.cpp; sourceTree = "<group>"; };
		300EE46D27209F9400969C5F /* lib_discrete.c */ = {isa = PBXFileReference; fileEncoding = 4; lastKnownFileType = sourcecode.c.c; path = lib_discrete.c; sourceTree = "<group>"; };
		300EE46E27209F9400969C5F /* match_cli.c */ = {isa = PBXFileReference; fileEncoding = 4; lastKnownFileType = sourcecode.c.c; path = match_cli.c; sourceTree = "<group>"; };
		300EE46F27209F9400969C5F /* lib_sift.c */ = {isa = PBXFileReference; fileEncoding = 4; lastKnownFileType = sourcecode.c.c; path = lib_sift.c; sourceTree = "<group>"; };
		300EE47027209F9400969C5F /* io_png.c */ = {isa = PBXFileReference; fileEncoding = 4; lastKnownFileType = sourcecode.c.c; path = io_png.c; sourceTree = "<group>"; };
		300EE47127209F9400969C5F /* demo_extract_patch.c */ = {isa = PBXFileReference; fileEncoding = 4; lastKnownFileType = sourcecode.c.c; path = demo_extract_patch.c; sourceTree = "<group>"; };
		300EE47227209F9400969C5F /* lib_io_scalespace.c */ = {isa = PBXFileReference; fileEncoding = 4; lastKnownFileType = sourcecode.c.c; path = lib_io_scalespace.c; sourceTree = "<group>"; };
		300EE47327209F9400969C5F /* example.c */ = {isa = PBXFileReference; fileEncoding = 4; lastKnownFileType = sourcecode.c.c; path = example.c; sourceTree = "<group>"; };
		300EE47427209F9400969C5F /* lib_description.c */ = {isa = PBXFileReference; fileEncoding = 4; lastKnownFileType = sourcecode.c.c; path = lib_description.c; sourceTree = "<group>"; };
		300EE47527209F9400969C5F /* lib_scalespace.c */ = {isa = PBXFileReference; fileEncoding = 4; lastKnownFileType = sourcecode.c.c; path = lib_scalespace.c; sourceTree = "<group>"; };
		300EE47627209F9400969C5F /* lib_keypoint.h */ = {isa = PBXFileReference; fileEncoding = 4; lastKnownFileType = sourcecode.c.h; path = lib_keypoint.h; sourceTree = "<group>"; };
		300EE47827209F9400969C5F /* lib_util.c */ = {isa = PBXFileReference; fileEncoding = 4; lastKnownFileType = sourcecode.c.c; path = lib_util.c; sourceTree = "<group>"; };
		300EE47A27209F9400969C5F /* lib_discrete.h */ = {isa = PBXFileReference; fileEncoding = 4; lastKnownFileType = sourcecode.c.h; path = lib_discrete.h; sourceTree = "<group>"; };
		300EE47B27209F9400969C5F /* lib_matching.h */ = {isa = PBXFileReference; fileEncoding = 4; lastKnownFileType = sourcecode.c.h; path = lib_matching.h; sourceTree = "<group>"; };
		300EE47D27209F9400969C5F /* lib_sift_anatomy.c */ = {isa = PBXFileReference; fileEncoding = 4; lastKnownFileType = sourcecode.c.c; path = lib_sift_anatomy.c; sourceTree = "<group>"; };
		300EE47F27209F9400969C5F /* lib_sift.h */ = {isa = PBXFileReference; fileEncoding = 4; lastKnownFileType = sourcecode.c.h; path = lib_sift.h; sourceTree = "<group>"; };
		300EE48027209F9400969C5F /* io_png.h */ = {isa = PBXFileReference; fileEncoding = 4; lastKnownFileType = sourcecode.c.h; path = io_png.h; sourceTree = "<group>"; };
		300EE48227209F9400969C5F /* anatomy2lowe.c */ = {isa = PBXFileReference; fileEncoding = 4; lastKnownFileType = sourcecode.c.c; path = anatomy2lowe.c; sourceTree = "<group>"; };
		300EE48427209F9400969C5F /* Semaphore.h */ = {isa = PBXFileReference; fileEncoding = 4; lastKnownFileType = sourcecode.c.h; path = Semaphore.h; sourceTree = "<group>"; };
		300EE48727209F9400969C5F /* BinarySemaphore.h */ = {isa = PBXFileReference; fileEncoding = 4; lastKnownFileType = sourcecode.c.h; path = BinarySemaphore.h; sourceTree = "<group>"; };
		300EE48827209F9400969C5F /* utils.cpp */ = {isa = PBXFileReference; fileEncoding = 4; lastKnownFileType = sourcecode.cpp.cpp; path = utils.cpp; sourceTree = "<group>"; };
		300EE48B27209F9400969C5F /* my_sift_additions.h */ = {isa = PBXFileReference; fileEncoding = 4; lastKnownFileType = sourcecode.c.h; path = my_sift_additions.h; sourceTree = "<group>"; };
		300EE48D27209F9400969C5F /* my_sift_additions.c */ = {isa = PBXFileReference; fileEncoding = 4; lastKnownFileType = sourcecode.c.c; path = my_sift_additions.c; sourceTree = "<group>"; };
		300EE48E27209F9400969C5F /* siftMain.cpp */ = {isa = PBXFileReference; fileEncoding = 4; lastKnownFileType = sourcecode.cpp.cpp; path = siftMain.cpp; sourceTree = "<group>"; };
		300EE48F27209F9400969C5F /* Semaphore.cpp */ = {isa = PBXFileReference; fileEncoding = 4; lastKnownFileType = sourcecode.cpp.cpp; path = Semaphore.cpp; sourceTree = "<group>"; };
		300EE49027209F9400969C5F /* utils.hpp */ = {isa = PBXFileReference; fileEncoding = 4; lastKnownFileType = sourcecode.cpp.h; path = utils.hpp; sourceTree = "<group>"; };
		300EE49127209F9400969C5F /* quadcopter.cpp */ = {isa = PBXFileReference; fileEncoding = 4; lastKnownFileType = sourcecode.cpp.cpp; path = quadcopter.cpp; sourceTree = "<group>"; };
		300EE49227209F9400969C5F /* strnatcmp.cpp */ = {isa = PBXFileReference; fileEncoding = 4; lastKnownFileType = sourcecode.cpp.cpp; path = strnatcmp.cpp; sourceTree = "<group>"; };
		300EE4B827209FF000969C5F /* Config.xcconfig */ = {isa = PBXFileReference; lastKnownFileType = text.xcconfig; path = Config.xcconfig; sourceTree = "<group>"; };
		300EE4BA2720A98700969C5F /* Config.xcconfig */ = {isa = PBXFileReference; lastKnownFileType = text.xcconfig; name = Config.xcconfig; path = ../Config.xcconfig; sourceTree = "<group>"; };
		303CB674276319A700ABDBF1 /* printf.c */ = {isa = PBXFileReference; fileEncoding = 4; lastKnownFileType = sourcecode.c.c; path = printf.c; sourceTree = "<group>"; };
		303CB675276319A700ABDBF1 /* printf.h */ = {isa = PBXFileReference; fileEncoding = 4; lastKnownFileType = sourcecode.c.h; path = printf.h; sourceTree = "<group>"; };
		303CB67727631A0200ABDBF1 /* _putchar.c */ = {isa = PBXFileReference; lastKnownFileType = sourcecode.c.c; path = _putchar.c; sourceTree = "<group>"; };
		303CB67927631A4800ABDBF1 /* file_descriptors.h */ = {isa = PBXFileReference; lastKnownFileType = sourcecode.c.h; path = file_descriptors.h; sourceTree = "<group>"; };
		308B6C05275AA96D00FE86A9 /* mymalloc.cpp */ = {isa = PBXFileReference; lastKnownFileType = sourcecode.cpp.cpp; path = mymalloc.cpp; sourceTree = "<group>"; };
		308B7099275AD7CF00FE86A9 /* malloc_override_osx.hpp */ = {isa = PBXFileReference; lastKnownFileType = sourcecode.cpp.h; path = malloc_override_osx.hpp; sourceTree = "<group>"; };
		308B709A275ADF1A00FE86A9 /* timers.hpp */ = {isa = PBXFileReference; lastKnownFileType = sourcecode.cpp.h; path = timers.hpp; sourceTree = "<group>"; };
		308B709B275AFBDD00FE86A9 /* jemalloc_wrapper.h */ = {isa = PBXFileReference; lastKnownFileType = sourcecode.c.h; path = jemalloc_wrapper.h; sourceTree = "<group>"; };
		308B709C275AFBDD00FE86A9 /* jemalloc_wrapper.c */ = {isa = PBXFileReference; lastKnownFileType = sourcecode.c.c; path = jemalloc_wrapper.c; sourceTree = "<group>"; };
		308B709F275BC77B00FE86A9 /* malloc_with_free_all.cpp */ = {isa = PBXFileReference; lastKnownFileType = sourcecode.cpp.cpp; path = malloc_with_free_all.cpp; sourceTree = "<group>"; };
		308B70A0275BC77B00FE86A9 /* malloc_with_free_all.h */ = {isa = PBXFileReference; lastKnownFileType = sourcecode.c.h; path = malloc_with_free_all.h; sourceTree = "<group>"; };
		309956C32791E29600F090EC /* backtrace_on_terminate.cpp */ = {isa = PBXFileReference; lastKnownFileType = sourcecode.cpp.cpp; path = backtrace_on_terminate.cpp; sourceTree = "<group>"; };
		30CBDBBE2731A01600473B25 /* DataSource.cpp */ = {isa = PBXFileReference; lastKnownFileType = sourcecode.cpp.cpp; path = DataSource.cpp; sourceTree = "<group>"; };
		30CBDBBF2731A01600473B25 /* DataSource.hpp */ = {isa = PBXFileReference; lastKnownFileType = sourcecode.cpp.h; path = DataSource.hpp; sourceTree = "<group>"; };
		30CBDBC72732EBF200473B25 /* DataOutput.cpp */ = {isa = PBXFileReference; lastKnownFileType = sourcecode.cpp.cpp; path = DataOutput.cpp; sourceTree = "<group>"; };
		30CBDBC82732EBF200473B25 /* DataOutput.hpp */ = {isa = PBXFileReference; lastKnownFileType = sourcecode.cpp.h; path = DataOutput.hpp; sourceTree = "<group>"; };
		30CBDBCA2733137400473B25 /* DataOutputRun.cpp */ = {isa = PBXFileReference; lastKnownFileType = sourcecode.cpp.cpp; path = DataOutputRun.cpp; sourceTree = "<group>"; };
		30CE61E727234CD2001C987F /* SIFT.hpp */ = {isa = PBXFileReference; lastKnownFileType = sourcecode.cpp.h; path = SIFT.hpp; sourceTree = "<group>"; };
		30CE61E927235141001C987F /* Timer.cpp */ = {isa = PBXFileReference; lastKnownFileType = sourcecode.cpp.cpp; path = Timer.cpp; sourceTree = "<group>"; };
		30CE61EA27235141001C987F /* Timer.hpp */ = {isa = PBXFileReference; lastKnownFileType = sourcecode.cpp.h; path = Timer.hpp; sourceTree = "<group>"; };
		30CE61EC27237D8C001C987F /* compareKeypoints.cpp */ = {isa = PBXFileReference; lastKnownFileType = sourcecode.cpp.cpp; path = compareKeypoints.cpp; sourceTree = "<group>"; };
		30CE61ED27237D8C001C987F /* compareKeypoints.hpp */ = {isa = PBXFileReference; lastKnownFileType = sourcecode.cpp.h; path = compareKeypoints.hpp; sourceTree = "<group>"; };
		30CE61EF27237E30001C987F /* Includes.hpp */ = {isa = PBXFileReference; lastKnownFileType = sourcecode.cpp.h; path = Includes.hpp; sourceTree = "<group>"; };
		30CE61F027237F17001C987F /* KeypointsAndMatching.cpp */ = {isa = PBXFileReference; lastKnownFileType = sourcecode.cpp.cpp; path = KeypointsAndMatching.cpp; sourceTree = "<group>"; };
		30CE61F127237F18001C987F /* KeypointsAndMatching.hpp */ = {isa = PBXFileReference; lastKnownFileType = sourcecode.cpp.h; path = KeypointsAndMatching.hpp; sourceTree = "<group>"; };
		30CE61F327238409001C987F /* common.cpp */ = {isa = PBXFileReference; lastKnownFileType = sourcecode.cpp.cpp; path = common.cpp; sourceTree = "<group>"; };
		30CE61F427238409001C987F /* common.hpp */ = {isa = PBXFileReference; lastKnownFileType = sourcecode.cpp.h; path = common.hpp; sourceTree = "<group>"; };
		30CE61F727238787001C987F /* strnatcmp.hpp */ = {isa = PBXFileReference; lastKnownFileType = sourcecode.cpp.h; path = strnatcmp.hpp; sourceTree = "<group>"; };
		30E6A5A52790C80400882438 /* Config.hpp */ = {isa = PBXFileReference; lastKnownFileType = sourcecode.cpp.h; path = Config.hpp; sourceTree = "<group>"; };
		30EF978F273C582100E3D538 /* Info.plist */ = {isa = PBXFileReference; lastKnownFileType = text.plist.xml; path = Info.plist; sourceTree = "<group>"; };
		30F00227275D89EF000A3D25 /* myMalloc_.c */ = {isa = PBXFileReference; lastKnownFileType = sourcecode.c.c; path = myMalloc_.c; sourceTree = "<group>"; };
		30F00228275D89EF000A3D25 /* myMalloc_.h */ = {isa = PBXFileReference; lastKnownFileType = sourcecode.c.h; path = myMalloc_.h; sourceTree = "<group>"; };
		30F0022A275D93F7000A3D25 /* malloc_override_osx.cpp */ = {isa = PBXFileReference; lastKnownFileType = sourcecode.cpp.cpp; path = malloc_override_osx.cpp; sourceTree = "<group>"; };
		30F99A22278CF13F00DBD9C8 /* GlobalUtil.cpp */ = {isa = PBXFileReference; fileEncoding = 4; lastKnownFileType = sourcecode.cpp.cpp; path = GlobalUtil.cpp; sourceTree = "<group>"; };
		30F99A23278CF13F00DBD9C8 /* SiftMatchCU.cpp */ = {isa = PBXFileReference; fileEncoding = 4; lastKnownFileType = sourcecode.cpp.cpp; path = SiftMatchCU.cpp; sourceTree = "<group>"; };
		30F99A24278CF13F00DBD9C8 /* GLTexImage.cpp */ = {isa = PBXFileReference; fileEncoding = 4; lastKnownFileType = sourcecode.cpp.cpp; path = GLTexImage.cpp; sourceTree = "<group>"; };
		30F99A25278CF13F00DBD9C8 /* SiftMatch.h */ = {isa = PBXFileReference; fileEncoding = 4; lastKnownFileType = sourcecode.c.h; path = SiftMatch.h; sourceTree = "<group>"; };
		30F99A26278CF13F00DBD9C8 /* SiftMatchCU.h */ = {isa = PBXFileReference; fileEncoding = 4; lastKnownFileType = sourcecode.c.h; path = SiftMatchCU.h; sourceTree = "<group>"; };
		30F99A27278CF13F00DBD9C8 /* PyramidCU.cpp */ = {isa = PBXFileReference; fileEncoding = 4; lastKnownFileType = sourcecode.cpp.cpp; path = PyramidCU.cpp; sourceTree = "<group>"; };
		30F99A28278CF13F00DBD9C8 /* ProgramCL.cpp */ = {isa = PBXFileReference; fileEncoding = 4; lastKnownFileType = sourcecode.cpp.cpp; path = ProgramCL.cpp; sourceTree = "<group>"; };
		30F99A29278CF13F00DBD9C8 /* ProgramGPU.h */ = {isa = PBXFileReference; fileEncoding = 4; lastKnownFileType = sourcecode.c.h; path = ProgramGPU.h; sourceTree = "<group>"; };
		30F99A2A278CF13F00DBD9C8 /* CMakeLists.txt */ = {isa = PBXFileReference; fileEncoding = 4; lastKnownFileType = text; path = CMakeLists.txt; sourceTree = "<group>"; };
		30F99A2B278CF13F00DBD9C8 /* PyramidCL.h */ = {isa = PBXFileReference; fileEncoding = 4; lastKnownFileType = sourcecode.c.h; path = PyramidCL.h; sourceTree = "<group>"; };
		30F99A2C278CF13F00DBD9C8 /* FrameBufferObject.h */ = {isa = PBXFileReference; fileEncoding = 4; lastKnownFileType = sourcecode.c.h; path = FrameBufferObject.h; sourceTree = "<group>"; };
		30F99A2D278CF13F00DBD9C8 /* PyramidGL.h */ = {isa = PBXFileReference; fileEncoding = 4; lastKnownFileType = sourcecode.c.h; path = PyramidGL.h; sourceTree = "<group>"; };
		30F99A2E278CF13F00DBD9C8 /* SiftPyramid.cpp */ = {isa = PBXFileReference; fileEncoding = 4; lastKnownFileType = sourcecode.cpp.cpp; path = SiftPyramid.cpp; sourceTree = "<group>"; };
		30F99A2F278CF13F00DBD9C8 /* ProgramGLSL.h */ = {isa = PBXFileReference; fileEncoding = 4; lastKnownFileType = sourcecode.c.h; path = ProgramGLSL.h; sourceTree = "<group>"; };
		30F99A30278CF13F00DBD9C8 /* ProgramCL.h */ = {isa = PBXFileReference; fileEncoding = 4; lastKnownFileType = sourcecode.c.h; path = ProgramCL.h; sourceTree = "<group>"; };
		30F99A31278CF13F00DBD9C8 /* PyramidGL.cpp */ = {isa = PBXFileReference; fileEncoding = 4; lastKnownFileType = sourcecode.cpp.cpp; path = PyramidGL.cpp; sourceTree = "<group>"; };
		30F99A32278CF13F00DBD9C8 /* GLTexImage.h */ = {isa = PBXFileReference; fileEncoding = 4; lastKnownFileType = sourcecode.c.h; path = GLTexImage.h; sourceTree = "<group>"; };
		30F99A33278CF13F00DBD9C8 /* ProgramGLSL.cpp */ = {isa = PBXFileReference; fileEncoding = 4; lastKnownFileType = sourcecode.cpp.cpp; path = ProgramGLSL.cpp; sourceTree = "<group>"; };
		30F99A34278CF13F00DBD9C8 /* SiftGPU.h */ = {isa = PBXFileReference; fileEncoding = 4; lastKnownFileType = sourcecode.c.h; path = SiftGPU.h; sourceTree = "<group>"; };
		30F99A35278CF13F00DBD9C8 /* ProgramGPU.cpp */ = {isa = PBXFileReference; fileEncoding = 4; lastKnownFileType = sourcecode.cpp.cpp; path = ProgramGPU.cpp; sourceTree = "<group>"; };
		30F99A36278CF13F00DBD9C8 /* SiftGPU.cpp */ = {isa = PBXFileReference; fileEncoding = 4; lastKnownFileType = sourcecode.cpp.cpp; path = SiftGPU.cpp; sourceTree = "<group>"; };
		30F99A37278CF13F00DBD9C8 /* CuTexImage.cpp */ = {isa = PBXFileReference; fileEncoding = 4; lastKnownFileType = sourcecode.cpp.cpp; path = CuTexImage.cpp; sourceTree = "<group>"; };
		30F99A38278CF13F00DBD9C8 /* LiteWindow.h */ = {isa = PBXFileReference; fileEncoding = 4; lastKnownFileType = sourcecode.c.h; path = LiteWindow.h; sourceTree = "<group>"; };
		30F99A39278CF13F00DBD9C8 /* FrameBufferObject.cpp */ = {isa = PBXFileReference; fileEncoding = 4; lastKnownFileType = sourcecode.cpp.cpp; path = FrameBufferObject.cpp; sourceTree = "<group>"; };
		30F99A3A278CF13F00DBD9C8 /* CuTexImage.h */ = {isa = PBXFileReference; fileEncoding = 4; lastKnownFileType = sourcecode.c.h; path = CuTexImage.h; sourceTree = "<group>"; };
		30F99A3B278CF13F00DBD9C8 /* ProgramCU.cu */ = {isa = PBXFileReference; fileEncoding = 4; lastKnownFileType = text; path = ProgramCU.cu; sourceTree = "<group>"; };
		30F99A3C278CF13F00DBD9C8 /* ShaderMan.h */ = {isa = PBXFileReference; fileEncoding = 4; lastKnownFileType = sourcecode.c.h; path = ShaderMan.h; sourceTree = "<group>"; };
		30F99A3D278CF13F00DBD9C8 /* GlobalUtil.h */ = {isa = PBXFileReference; fileEncoding = 4; lastKnownFileType = sourcecode.c.h; path = GlobalUtil.h; sourceTree = "<group>"; };
		30F99A3E278CF13F00DBD9C8 /* CLTexImage.cpp */ = {isa = PBXFileReference; fileEncoding = 4; lastKnownFileType = sourcecode.cpp.cpp; path = CLTexImage.cpp; sourceTree = "<group>"; };
		30F99A3F278CF13F00DBD9C8 /* ProgramCG.cpp */ = {isa = PBXFileReference; fileEncoding = 4; lastKnownFileType = sourcecode.cpp.cpp; path = ProgramCG.cpp; sourceTree = "<group>"; };
		30F99A40278CF13F00DBD9C8 /* PyramidCU.h */ = {isa = PBXFileReference; fileEncoding = 4; lastKnownFileType = sourcecode.c.h; path = PyramidCU.h; sourceTree = "<group>"; };
		30F99A41278CF13F00DBD9C8 /* SiftMatch.cpp */ = {isa = PBXFileReference; fileEncoding = 4; lastKnownFileType = sourcecode.cpp.cpp; path = SiftMatch.cpp; sourceTree = "<group>"; };
		30F99A42278CF13F00DBD9C8 /* ProgramCU.h */ = {isa = PBXFileReference; fileEncoding = 4; lastKnownFileType = sourcecode.c.h; path = ProgramCU.h; sourceTree = "<group>"; };
		30F99A43278CF13F00DBD9C8 /* SiftPyramid.h */ = {isa = PBXFileReference; fileEncoding = 4; lastKnownFileType = sourcecode.c.h; path = SiftPyramid.h; sourceTree = "<group>"; };
		30F99A44278CF13F00DBD9C8 /* ShaderMan.cpp */ = {isa = PBXFileReference; fileEncoding = 4; lastKnownFileType = sourcecode.cpp.cpp; path = ShaderMan.cpp; sourceTree = "<group>"; };
		30F99A45278CF13F00DBD9C8 /* CLTexImage.h */ = {isa = PBXFileReference; fileEncoding = 4; lastKnownFileType = sourcecode.c.h; path = CLTexImage.h; sourceTree = "<group>"; };
		30F99A46278CF13F00DBD9C8 /* ProgramCG.h */ = {isa = PBXFileReference; fileEncoding = 4; lastKnownFileType = sourcecode.c.h; path = ProgramCG.h; sourceTree = "<group>"; };
		30F99A47278CF13F00DBD9C8 /* PyramidCL.cpp */ = {isa = PBXFileReference; fileEncoding = 4; lastKnownFileType = sourcecode.cpp.cpp; path = PyramidCL.cpp; sourceTree = "<group>"; };
		30F99A5A278E819C00DBD9C8 /* backtrace.cpp */ = {isa = PBXFileReference; lastKnownFileType = sourcecode.cpp.cpp; path = backtrace.cpp; sourceTree = "<group>"; };
		30F99A5B278E819C00DBD9C8 /* backtrace.hpp */ = {isa = PBXFileReference; lastKnownFileType = sourcecode.cpp.h; path = backtrace.hpp; sourceTree = "<group>"; };
		30F99A5D278E822E00DBD9C8 /* backtrace_on_terminate.hpp */ = {isa = PBXFileReference; lastKnownFileType = sourcecode.cpp.h; path = backtrace_on_terminate.hpp; sourceTree = "<group>"; };
		30F99A5E278E825700DBD9C8 /* demangle.cpp */ = {isa = PBXFileReference; lastKnownFileType = sourcecode.cpp.cpp; path = demangle.cpp; sourceTree = "<group>"; };
		30F99A5F278E825700DBD9C8 /* demangle.hpp */ = {isa = PBXFileReference; lastKnownFileType = sourcecode.cpp.h; path = demangle.hpp; sourceTree = "<group>"; };
		30F99A61278F706D00DBD9C8 /* custom_strstream.cpp */ = {isa = PBXFileReference; lastKnownFileType = sourcecode.cpp.cpp; path = custom_strstream.cpp; sourceTree = "<group>"; };
		30F99A62278F706D00DBD9C8 /* custom_strstream.hpp */ = {isa = PBXFileReference; lastKnownFileType = sourcecode.cpp.h; path = custom_strstream.hpp; sourceTree = "<group>"; };
		30F99A64278FA1AF00DBD9C8 /* Queue.hpp */ = {isa = PBXFileReference; lastKnownFileType = sourcecode.cpp.h; path = Queue.hpp; sourceTree = "<group>"; };
		30FE900927458CD20086957E /* CoreGraphics.framework */ = {isa = PBXFileReference; lastKnownFileType = wrapper.framework; name = CoreGraphics.framework; path = System/Library/Frameworks/CoreGraphics.framework; sourceTree = SDKROOT; };
		30FE900B2745924C0086957E /* SIFT.cpp */ = {isa = PBXFileReference; fileEncoding = 4; lastKnownFileType = sourcecode.cpp.cpp; path = SIFT.cpp; sourceTree = "<group>"; };
/* End PBXFileReference section */

/* Begin PBXFrameworksBuildPhase section */
		300EE44827209F6F00969C5F /* Frameworks */ = {
			isa = PBXFrameworksBuildPhase;
			buildActionMask = 2147483647;
			files = (
				30FE900A27458CD20086957E /* CoreGraphics.framework in Frameworks */,
			);
			runOnlyForDeploymentPostprocessing = 0;
		};
/* End PBXFrameworksBuildPhase section */

/* Begin PBXGroup section */
		300EE44227209F6F00969C5F = {
			isa = PBXGroup;
			children = (
				300EE44D27209F6F00969C5F /* SIFT */,
				300EE44C27209F6F00969C5F /* Products */,
				300EE4BA2720A98700969C5F /* Config.xcconfig */,
				30FE900827458CD10086957E /* Frameworks */,
			);
			sourceTree = "<group>";
		};
		300EE44C27209F6F00969C5F /* Products */ = {
			isa = PBXGroup;
			children = (
				300EE44B27209F6F00969C5F /* SIFT */,
			);
			name = Products;
			sourceTree = "<group>";
		};
		300EE44D27209F6F00969C5F /* SIFT */ = {
			isa = PBXGroup;
			children = (
				300EE45527209F9400969C5F /* sift_anatomy_20141201 */,
				30F99A21278CF13F00DBD9C8 /* SiftGPU */,
				300EE48327209F9400969C5F /* src */,
				300EE4B827209FF000969C5F /* Config.xcconfig */,
				30EF978F273C582100E3D538 /* Info.plist */,
			);
			path = SIFT;
			sourceTree = "<group>";
		};
		300EE45527209F9400969C5F /* sift_anatomy_20141201 */ = {
			isa = PBXGroup;
			children = (
				300EE45627209F9400969C5F /* bin */,
				300EE45A27209F9400969C5F /* CHANGELOG */,
				300EE45B27209F9400969C5F /* Makefile */,
				300EE45C27209F9400969C5F /* .gitignore */,
				300EE45D27209F9400969C5F /* README.txt */,
				300EE45E27209F9400969C5F /* src */,
			);
			name = sift_anatomy_20141201;
			path = ../../sift_anatomy_20141201;
			sourceTree = "<group>";
		};
		300EE45627209F9400969C5F /* bin */ = {
			isa = PBXGroup;
			children = (
				300EE45727209F9400969C5F /* sift_cli */,
				300EE45827209F9400969C5F /* match_cli */,
				300EE45927209F9400969C5F /* demo_extract_patch */,
			);
			path = bin;
			sourceTree = "<group>";
		};
		300EE45E27209F9400969C5F /* src */ = {
			isa = PBXGroup;
			children = (
				300EE45F27209F9400969C5F /* lib_io_scalespace.h */,
				300EE46127209F9400969C5F /* lib_util.h */,
				300EE46227209F9400969C5F /* lib_keypoint.c */,
				300EE46427209F9400969C5F /* sift_cli.c */,
				300EE46527209F9400969C5F /* sift_cli_default.c */,
				300EE46627209F9400969C5F /* lib_scalespace.h */,
				300EE46927209F9400969C5F /* lib_description.h */,
				300EE46A27209F9400969C5F /* lib_sift_anatomy.h */,
				300EE46C27209F9400969C5F /* lib_matching.cpp */,
				300EE46D27209F9400969C5F /* lib_discrete.c */,
				300EE46E27209F9400969C5F /* match_cli.c */,
				300EE46F27209F9400969C5F /* lib_sift.c */,
				300EE47027209F9400969C5F /* io_png.c */,
				300EE47127209F9400969C5F /* demo_extract_patch.c */,
				300EE47227209F9400969C5F /* lib_io_scalespace.c */,
				300EE47327209F9400969C5F /* example.c */,
				300EE47427209F9400969C5F /* lib_description.c */,
				300EE47527209F9400969C5F /* lib_scalespace.c */,
				300EE47627209F9400969C5F /* lib_keypoint.h */,
				300EE47827209F9400969C5F /* lib_util.c */,
				300EE47A27209F9400969C5F /* lib_discrete.h */,
				300EE47B27209F9400969C5F /* lib_matching.h */,
				300EE47D27209F9400969C5F /* lib_sift_anatomy.c */,
				300EE47F27209F9400969C5F /* lib_sift.h */,
				300EE48027209F9400969C5F /* io_png.h */,
				300EE48227209F9400969C5F /* anatomy2lowe.c */,
			);
			path = src;
			sourceTree = "<group>";
		};
		300EE48327209F9400969C5F /* src */ = {
			isa = PBXGroup;
			children = (
				308B709A275ADF1A00FE86A9 /* timers.hpp */,
				308B6C04275AA95400FE86A9 /* tools */,
				300EE48427209F9400969C5F /* Semaphore.h */,
				30CE61E727234CD2001C987F /* SIFT.hpp */,
				30FE900B2745924C0086957E /* SIFT.cpp */,
				300EE48727209F9400969C5F /* BinarySemaphore.h */,
				300EE48827209F9400969C5F /* utils.cpp */,
				300EE48B27209F9400969C5F /* my_sift_additions.h */,
				300EE48D27209F9400969C5F /* my_sift_additions.c */,
				300EE48E27209F9400969C5F /* siftMain.cpp */,
				300EE48F27209F9400969C5F /* Semaphore.cpp */,
				300EE49027209F9400969C5F /* utils.hpp */,
				300EE49127209F9400969C5F /* quadcopter.cpp */,
				300EE49227209F9400969C5F /* strnatcmp.cpp */,
				30CE61F727238787001C987F /* strnatcmp.hpp */,
				30CE61E927235141001C987F /* Timer.cpp */,
				30CE61EA27235141001C987F /* Timer.hpp */,
				30CE61EC27237D8C001C987F /* compareKeypoints.cpp */,
				30CE61ED27237D8C001C987F /* compareKeypoints.hpp */,
				30CE61EF27237E30001C987F /* Includes.hpp */,
				30CBDBCA2733137400473B25 /* DataOutputRun.cpp */,
				30CE61F027237F17001C987F /* KeypointsAndMatching.cpp */,
				30CE61F127237F18001C987F /* KeypointsAndMatching.hpp */,
				30CE61F327238409001C987F /* common.cpp */,
				30CE61F427238409001C987F /* common.hpp */,
				30CBDBBE2731A01600473B25 /* DataSource.cpp */,
				30CBDBBF2731A01600473B25 /* DataSource.hpp */,
				30CBDBC72732EBF200473B25 /* DataOutput.cpp */,
				30CBDBC82732EBF200473B25 /* DataOutput.hpp */,
				30F99A64278FA1AF00DBD9C8 /* Queue.hpp */,
				30E6A5A52790C80400882438 /* Config.hpp */,
			);
			name = src;
			path = ../../src;
			sourceTree = "<group>";
		};
		308B6C04275AA95400FE86A9 /* tools */ = {
			isa = PBXGroup;
			children = (
				30F99A59278E814E00DBD9C8 /* backtrace */,
				308B6C05275AA96D00FE86A9 /* mymalloc.cpp */,
				308B7099275AD7CF00FE86A9 /* malloc_override_osx.hpp */,
				30F0022A275D93F7000A3D25 /* malloc_override_osx.cpp */,
				308B709B275AFBDD00FE86A9 /* jemalloc_wrapper.h */,
				308B709C275AFBDD00FE86A9 /* jemalloc_wrapper.c */,
				308B709F275BC77B00FE86A9 /* malloc_with_free_all.cpp */,
				308B70A0275BC77B00FE86A9 /* malloc_with_free_all.h */,
				30F00227275D89EF000A3D25 /* myMalloc_.c */,
				30F00228275D89EF000A3D25 /* myMalloc_.h */,
				303CB674276319A700ABDBF1 /* printf.c */,
				303CB675276319A700ABDBF1 /* printf.h */,
				303CB67727631A0200ABDBF1 /* _putchar.c */,
				303CB67927631A4800ABDBF1 /* file_descriptors.h */,
			);
			path = tools;
			sourceTree = "<group>";
		};
		30F99A21278CF13F00DBD9C8 /* SiftGPU */ = {
			isa = PBXGroup;
			children = (
				30F99A22278CF13F00DBD9C8 /* GlobalUtil.cpp */,
				30F99A23278CF13F00DBD9C8 /* SiftMatchCU.cpp */,
				30F99A24278CF13F00DBD9C8 /* GLTexImage.cpp */,
				30F99A25278CF13F00DBD9C8 /* SiftMatch.h */,
				30F99A26278CF13F00DBD9C8 /* SiftMatchCU.h */,
				30F99A27278CF13F00DBD9C8 /* PyramidCU.cpp */,
				30F99A28278CF13F00DBD9C8 /* ProgramCL.cpp */,
				30F99A29278CF13F00DBD9C8 /* ProgramGPU.h */,
				30F99A2A278CF13F00DBD9C8 /* CMakeLists.txt */,
				30F99A2B278CF13F00DBD9C8 /* PyramidCL.h */,
				30F99A2C278CF13F00DBD9C8 /* FrameBufferObject.h */,
				30F99A2D278CF13F00DBD9C8 /* PyramidGL.h */,
				30F99A2E278CF13F00DBD9C8 /* SiftPyramid.cpp */,
				30F99A2F278CF13F00DBD9C8 /* ProgramGLSL.h */,
				30F99A30278CF13F00DBD9C8 /* ProgramCL.h */,
				30F99A31278CF13F00DBD9C8 /* PyramidGL.cpp */,
				30F99A32278CF13F00DBD9C8 /* GLTexImage.h */,
				30F99A33278CF13F00DBD9C8 /* ProgramGLSL.cpp */,
				30F99A34278CF13F00DBD9C8 /* SiftGPU.h */,
				30F99A35278CF13F00DBD9C8 /* ProgramGPU.cpp */,
				30F99A36278CF13F00DBD9C8 /* SiftGPU.cpp */,
				30F99A37278CF13F00DBD9C8 /* CuTexImage.cpp */,
				30F99A38278CF13F00DBD9C8 /* LiteWindow.h */,
				30F99A39278CF13F00DBD9C8 /* FrameBufferObject.cpp */,
				30F99A3A278CF13F00DBD9C8 /* CuTexImage.h */,
				30F99A3B278CF13F00DBD9C8 /* ProgramCU.cu */,
				30F99A3C278CF13F00DBD9C8 /* ShaderMan.h */,
				30F99A3D278CF13F00DBD9C8 /* GlobalUtil.h */,
				30F99A3E278CF13F00DBD9C8 /* CLTexImage.cpp */,
				30F99A3F278CF13F00DBD9C8 /* ProgramCG.cpp */,
				30F99A40278CF13F00DBD9C8 /* PyramidCU.h */,
				30F99A41278CF13F00DBD9C8 /* SiftMatch.cpp */,
				30F99A42278CF13F00DBD9C8 /* ProgramCU.h */,
				30F99A43278CF13F00DBD9C8 /* SiftPyramid.h */,
				30F99A44278CF13F00DBD9C8 /* ShaderMan.cpp */,
				30F99A45278CF13F00DBD9C8 /* CLTexImage.h */,
				30F99A46278CF13F00DBD9C8 /* ProgramCG.h */,
				30F99A47278CF13F00DBD9C8 /* PyramidCL.cpp */,
				30F99A61278F706D00DBD9C8 /* custom_strstream.cpp */,
				30F99A62278F706D00DBD9C8 /* custom_strstream.hpp */,
			);
			name = SiftGPU;
			path = ../../SiftGPU/src/SiftGPU;
			sourceTree = "<group>";
		};
		30F99A59278E814E00DBD9C8 /* backtrace */ = {
			isa = PBXGroup;
			children = (
				30F99A5A278E819C00DBD9C8 /* backtrace.cpp */,
				30F99A5B278E819C00DBD9C8 /* backtrace.hpp */,
				30F99A5D278E822E00DBD9C8 /* backtrace_on_terminate.hpp */,
				309956C32791E29600F090EC /* backtrace_on_terminate.cpp */,
				30F99A5E278E825700DBD9C8 /* demangle.cpp */,
				30F99A5F278E825700DBD9C8 /* demangle.hpp */,
			);
			path = backtrace;
			sourceTree = "<group>";
		};
		30FE900827458CD10086957E /* Frameworks */ = {
			isa = PBXGroup;
			children = (
				30FE900927458CD20086957E /* CoreGraphics.framework */,
			);
			name = Frameworks;
			sourceTree = "<group>";
		};
/* End PBXGroup section */

/* Begin PBXNativeTarget section */
		300EE44A27209F6F00969C5F /* SIFT */ = {
			isa = PBXNativeTarget;
			buildConfigurationList = 300EE45227209F6F00969C5F /* Build configuration list for PBXNativeTarget "SIFT" */;
			buildPhases = (
				300EE4B92720A12100969C5F /* ShellScript */,
				300EE44727209F6F00969C5F /* Sources */,
				300EE44827209F6F00969C5F /* Frameworks */,
				300EE44927209F6F00969C5F /* CopyFiles */,
			);
			buildRules = (
			);
			dependencies = (
			);
			name = SIFT;
			productName = SIFT;
			productReference = 300EE44B27209F6F00969C5F /* SIFT */;
			productType = "com.apple.product-type.tool";
		};
/* End PBXNativeTarget section */

/* Begin PBXProject section */
		300EE44327209F6F00969C5F /* Project object */ = {
			isa = PBXProject;
			attributes = {
				LastUpgradeCheck = 1150;
				ORGANIZATIONNAME = sbond75;
				TargetAttributes = {
					300EE44A27209F6F00969C5F = {
						CreatedOnToolsVersion = 11.5;
					};
				};
			};
			buildConfigurationList = 300EE44627209F6F00969C5F /* Build configuration list for PBXProject "SIFT" */;
			compatibilityVersion = "Xcode 9.3";
			developmentRegion = en;
			hasScannedForEncodings = 0;
			knownRegions = (
				en,
				Base,
			);
			mainGroup = 300EE44227209F6F00969C5F;
			productRefGroup = 300EE44C27209F6F00969C5F /* Products */;
			projectDirPath = "";
			projectRoot = "";
			targets = (
				300EE44A27209F6F00969C5F /* SIFT */,
			);
		};
/* End PBXProject section */

/* Begin PBXShellScriptBuildPhase section */
		300EE4B92720A12100969C5F /* ShellScript */ = {
			isa = PBXShellScriptBuildPhase;
			buildActionMask = 2147483647;
			files = (
			);
			inputFileListPaths = (
			);
			inputPaths = (
			);
			outputFileListPaths = (
			);
			outputPaths = (
			);
			runOnlyForDeploymentPostprocessing = 0;
			shellPath = /bin/bash;
			shellScript = "source \"$SRCROOT/../commonXcode.sh\"\n";
		};
/* End PBXShellScriptBuildPhase section */

/* Begin PBXSourcesBuildPhase section */
		300EE44727209F6F00969C5F /* Sources */ = {
			isa = PBXSourcesBuildPhase;
			buildActionMask = 2147483647;
			files = (
				30F99A63278F706D00DBD9C8 /* custom_strstream.cpp in Sources */,
				30CE61F227237F18001C987F /* KeypointsAndMatching.cpp in Sources */,
				308B6C06275AA96D00FE86A9 /* mymalloc.cpp in Sources */,
				30F99A4C278CF14000DBD9C8 /* ProgramCL.cpp in Sources */,
				300EE4B027209F9400969C5F /* utils.cpp in Sources */,
				300EE4A227209F9400969C5F /* lib_io_scalespace.c in Sources */,
				30CBDBC92732EBF200473B25 /* DataOutput.cpp in Sources */,
				309956C42791E29600F090EC /* backtrace_on_terminate.cpp in Sources */,
				30F99A49278CF14000DBD9C8 /* SiftMatchCU.cpp in Sources */,
				303CB676276319A700ABDBF1 /* printf.c in Sources */,
				30F99A52278CF14000DBD9C8 /* CuTexImage.cpp in Sources */,
				308B709D275AFBDD00FE86A9 /* jemalloc_wrapper.c in Sources */,
				30F99A4B278CF14000DBD9C8 /* PyramidCU.cpp in Sources */,
				300EE49327209F9400969C5F /* Makefile in Sources */,
				30CBDBC02731A01600473B25 /* DataSource.cpp in Sources */,
				30F99A51278CF14000DBD9C8 /* SiftGPU.cpp in Sources */,
				30F99A5C278E819C00DBD9C8 /* backtrace.cpp in Sources */,
				30F99A4D278CF14000DBD9C8 /* SiftPyramid.cpp in Sources */,
				30CE61F527238409001C987F /* common.cpp in Sources */,
				30F99A54278CF14000DBD9C8 /* CLTexImage.cpp in Sources */,
				300EE49F27209F9400969C5F /* lib_sift.c in Sources */,
				300EE49C27209F9400969C5F /* lib_matching.cpp in Sources */,
				30F99A56278CF14000DBD9C8 /* SiftMatch.cpp in Sources */,
				30F99A58278CF14000DBD9C8 /* PyramidCL.cpp in Sources */,
				30F99A53278CF14000DBD9C8 /* FrameBufferObject.cpp in Sources */,
				30FE900C2745924C0086957E /* SIFT.cpp in Sources */,
				30F99A4A278CF14000DBD9C8 /* GLTexImage.cpp in Sources */,
				30F99A4F278CF14000DBD9C8 /* ProgramGLSL.cpp in Sources */,
				300EE4B527209F9400969C5F /* siftMain.cpp in Sources */,
				308B70A1275BC77B00FE86A9 /* malloc_with_free_all.cpp in Sources */,
				30F99A4E278CF14000DBD9C8 /* PyramidGL.cpp in Sources */,
				30CBDBCB2733137400473B25 /* DataOutputRun.cpp in Sources */,
				30CE61EE27237D8C001C987F /* compareKeypoints.cpp in Sources */,
				303CB67827631A0200ABDBF1 /* _putchar.c in Sources */,
				300EE49527209F9400969C5F /* lib_keypoint.c in Sources */,
				300EE4A427209F9400969C5F /* lib_description.c in Sources */,
				30F0022B275D93F7000A3D25 /* malloc_override_osx.cpp in Sources */,
				30F99A60278E825700DBD9C8 /* demangle.cpp in Sources */,
				30F99A57278CF14000DBD9C8 /* ShaderMan.cpp in Sources */,
				300EE4AA27209F9400969C5F /* lib_sift_anatomy.c in Sources */,
				30F99A48278CF14000DBD9C8 /* GlobalUtil.cpp in Sources */,
				300EE4B627209F9400969C5F /* Semaphore.cpp in Sources */,
				30CE61F62723877B001C987F /* strnatcmp.cpp in Sources */,
				300EE4A527209F9400969C5F /* lib_scalespace.c in Sources */,
				300EE4B427209F9400969C5F /* my_sift_additions.c in Sources */,
				30F00229275D89EF000A3D25 /* myMalloc_.c in Sources */,
				30F99A50278CF14000DBD9C8 /* ProgramGPU.cpp in Sources */,
				300EE49D27209F9400969C5F /* lib_discrete.c in Sources */,
				300EE4A027209F9400969C5F /* io_png.c in Sources */,
				30F99A55278CF14000DBD9C8 /* ProgramCG.cpp in Sources */,
				30CE61EB27235141001C987F /* Timer.cpp in Sources */,
				300EE4A727209F9400969C5F /* lib_util.c in Sources */,
				30CE61E827234CD2001C987F /* SIFT.hpp in Sources */,
			);
			runOnlyForDeploymentPostprocessing = 0;
		};
/* End PBXSourcesBuildPhase section */

/* Begin XCBuildConfiguration section */
		300EE45027209F6F00969C5F /* Debug */ = {
			isa = XCBuildConfiguration;
			buildSettings = {
				ALWAYS_SEARCH_USER_PATHS = NO;
				CLANG_ANALYZER_NONNULL = YES;
				CLANG_ANALYZER_NUMBER_OBJECT_CONVERSION = YES_AGGRESSIVE;
				CLANG_CXX_LANGUAGE_STANDARD = "gnu++14";
				CLANG_CXX_LIBRARY = "libc++";
				CLANG_ENABLE_MODULES = YES;
				CLANG_ENABLE_OBJC_ARC = YES;
				CLANG_ENABLE_OBJC_WEAK = YES;
				CLANG_WARN_BLOCK_CAPTURE_AUTORELEASING = YES;
				CLANG_WARN_BOOL_CONVERSION = YES;
				CLANG_WARN_COMMA = YES;
				CLANG_WARN_CONSTANT_CONVERSION = YES;
				CLANG_WARN_DEPRECATED_OBJC_IMPLEMENTATIONS = YES;
				CLANG_WARN_DIRECT_OBJC_ISA_USAGE = YES_ERROR;
				CLANG_WARN_DOCUMENTATION_COMMENTS = YES;
				CLANG_WARN_EMPTY_BODY = YES;
				CLANG_WARN_ENUM_CONVERSION = YES;
				CLANG_WARN_INFINITE_RECURSION = YES;
				CLANG_WARN_INT_CONVERSION = YES;
				CLANG_WARN_NON_LITERAL_NULL_CONVERSION = YES;
				CLANG_WARN_OBJC_IMPLICIT_RETAIN_SELF = YES;
				CLANG_WARN_OBJC_LITERAL_CONVERSION = YES;
				CLANG_WARN_OBJC_ROOT_CLASS = YES_ERROR;
				CLANG_WARN_RANGE_LOOP_ANALYSIS = YES;
				CLANG_WARN_STRICT_PROTOTYPES = YES;
				CLANG_WARN_SUSPICIOUS_MOVE = YES;
				CLANG_WARN_UNGUARDED_AVAILABILITY = YES_AGGRESSIVE;
				CLANG_WARN_UNREACHABLE_CODE = YES;
				CLANG_WARN__DUPLICATE_METHOD_MATCH = YES;
				COPY_PHASE_STRIP = NO;
				CREATE_INFOPLIST_SECTION_IN_BINARY = YES;
				DEBUG_INFORMATION_FORMAT = dwarf;
				ENABLE_STRICT_OBJC_MSGSEND = YES;
				ENABLE_TESTABILITY = YES;
				GCC_C_LANGUAGE_STANDARD = gnu11;
				GCC_DYNAMIC_NO_PIC = NO;
				GCC_NO_COMMON_BLOCKS = YES;
				GCC_OPTIMIZATION_LEVEL = 0;
				GCC_PREPROCESSOR_DEFINITIONS = (
					"DEBUG=1",
					"$(inherited)",
				);
				GCC_WARN_64_TO_32_BIT_CONVERSION = YES;
				GCC_WARN_ABOUT_RETURN_TYPE = YES_ERROR;
				GCC_WARN_UNDECLARED_SELECTOR = YES;
				GCC_WARN_UNINITIALIZED_AUTOS = YES_AGGRESSIVE;
				GCC_WARN_UNUSED_FUNCTION = YES;
				GCC_WARN_UNUSED_VARIABLE = YES;
				MACOSX_DEPLOYMENT_TARGET = 10.15;
				MTL_ENABLE_DEBUG_INFO = INCLUDE_SOURCE;
				MTL_FAST_MATH = YES;
				ONLY_ACTIVE_ARCH = YES;
				SDKROOT = macosx;
			};
			name = Debug;
		};
		300EE45127209F6F00969C5F /* Release */ = {
			isa = XCBuildConfiguration;
			buildSettings = {
				ALWAYS_SEARCH_USER_PATHS = NO;
				CLANG_ANALYZER_NONNULL = YES;
				CLANG_ANALYZER_NUMBER_OBJECT_CONVERSION = YES_AGGRESSIVE;
				CLANG_CXX_LANGUAGE_STANDARD = "gnu++14";
				CLANG_CXX_LIBRARY = "libc++";
				CLANG_ENABLE_MODULES = YES;
				CLANG_ENABLE_OBJC_ARC = YES;
				CLANG_ENABLE_OBJC_WEAK = YES;
				CLANG_WARN_BLOCK_CAPTURE_AUTORELEASING = YES;
				CLANG_WARN_BOOL_CONVERSION = YES;
				CLANG_WARN_COMMA = YES;
				CLANG_WARN_CONSTANT_CONVERSION = YES;
				CLANG_WARN_DEPRECATED_OBJC_IMPLEMENTATIONS = YES;
				CLANG_WARN_DIRECT_OBJC_ISA_USAGE = YES_ERROR;
				CLANG_WARN_DOCUMENTATION_COMMENTS = YES;
				CLANG_WARN_EMPTY_BODY = YES;
				CLANG_WARN_ENUM_CONVERSION = YES;
				CLANG_WARN_INFINITE_RECURSION = YES;
				CLANG_WARN_INT_CONVERSION = YES;
				CLANG_WARN_NON_LITERAL_NULL_CONVERSION = YES;
				CLANG_WARN_OBJC_IMPLICIT_RETAIN_SELF = YES;
				CLANG_WARN_OBJC_LITERAL_CONVERSION = YES;
				CLANG_WARN_OBJC_ROOT_CLASS = YES_ERROR;
				CLANG_WARN_RANGE_LOOP_ANALYSIS = YES;
				CLANG_WARN_STRICT_PROTOTYPES = YES;
				CLANG_WARN_SUSPICIOUS_MOVE = YES;
				CLANG_WARN_UNGUARDED_AVAILABILITY = YES_AGGRESSIVE;
				CLANG_WARN_UNREACHABLE_CODE = YES;
				CLANG_WARN__DUPLICATE_METHOD_MATCH = YES;
				COPY_PHASE_STRIP = NO;
				CREATE_INFOPLIST_SECTION_IN_BINARY = YES;
				DEBUG_INFORMATION_FORMAT = "dwarf-with-dsym";
				ENABLE_NS_ASSERTIONS = NO;
				ENABLE_STRICT_OBJC_MSGSEND = YES;
				GCC_C_LANGUAGE_STANDARD = gnu11;
				GCC_NO_COMMON_BLOCKS = YES;
				GCC_WARN_64_TO_32_BIT_CONVERSION = YES;
				GCC_WARN_ABOUT_RETURN_TYPE = YES_ERROR;
				GCC_WARN_UNDECLARED_SELECTOR = YES;
				GCC_WARN_UNINITIALIZED_AUTOS = YES_AGGRESSIVE;
				GCC_WARN_UNUSED_FUNCTION = YES;
				GCC_WARN_UNUSED_VARIABLE = YES;
				MACOSX_DEPLOYMENT_TARGET = 10.15;
				MTL_ENABLE_DEBUG_INFO = NO;
				MTL_FAST_MATH = YES;
				SDKROOT = macosx;
			};
			name = Release;
		};
		300EE45327209F6F00969C5F /* Debug */ = {
			isa = XCBuildConfiguration;
			baseConfigurationReference = 300EE4BA2720A98700969C5F /* Config.xcconfig */;
			buildSettings = {
				CODE_SIGN_STYLE = Automatic;
				DEVELOPMENT_TEAM = 86HDH9K924;
				ENABLE_HARDENED_RUNTIME = YES;
				INFOPLIST_FILE = "$(SRCROOT)/SIFT/Info.plist";
				PRODUCT_NAME = "$(TARGET_NAME)";
			};
			name = Debug;
		};
		300EE45427209F6F00969C5F /* Release */ = {
			isa = XCBuildConfiguration;
			baseConfigurationReference = 300EE4BA2720A98700969C5F /* Config.xcconfig */;
			buildSettings = {
				CODE_SIGN_STYLE = Automatic;
				DEVELOPMENT_TEAM = 86HDH9K924;
				ENABLE_HARDENED_RUNTIME = YES;
				INFOPLIST_FILE = "$(SRCROOT)/SIFT/Info.plist";
				PRODUCT_NAME = "$(TARGET_NAME)";
			};
			name = Release;
		};
/* End XCBuildConfiguration section */

/* Begin XCConfigurationList section */
		300EE44627209F6F00969C5F /* Build configuration list for PBXProject "SIFT" */ = {
			isa = XCConfigurationList;
			buildConfigurations = (
				300EE45027209F6F00969C5F /* Debug */,
				300EE45127209F6F00969C5F /* Release */,
			);
			defaultConfigurationIsVisible = 0;
			defaultConfigurationName = Release;
		};
		300EE45227209F6F00969C5F /* Build configuration list for PBXNativeTarget "SIFT" */ = {
			isa = XCConfigurationList;
			buildConfigurations = (
				300EE45327209F6F00969C5F /* Debug */,
				300EE45427209F6F00969C5F /* Release */,
			);
			defaultConfigurationIsVisible = 0;
			defaultConfigurationName = Release;
		};
/* End XCConfigurationList section */
	};
	rootObject = 300EE44327209F6F00969C5F /* Project object */;
}
